
Microsoft Visual Studio Solution File, Format Version 12.00
# Visual Studio Version 17
VisualStudioVersion = 17.7.34202.233
MinimumVisualStudioVersion = 10.0.40219.1
Project("{9A19103F-16F7-4668-BE54-9A1E7A4F7556}") = "Aeroplane", "Aeroplane\Aeroplane.csproj", "{E5A1FCA1-A79C-449C-869B-6EDA7D0533F3}"
EndProject
Project("{FAE04EC0-301F-11D3-BF4B-00C04F79EFBC}") = "Tax", "Tax\Tax.csproj", "{15C9B9A1-E434-480C-BFBC-46D568A4646A}"
EndProject
Project("{FAE04EC0-301F-11D3-BF4B-00C04F79EFBC}") = "Triangle", "Triangle\Triangle.csproj", "{E6FDDFE5-6DD7-4DC8-AD1D-FE937693987C}"
EndProject
Project("{FAE04EC0-301F-11D3-BF4B-00C04F79EFBC}") = "VehicleRoad", "VehicleRoad\VehicleRoad.csproj", "{8C29F8F2-8297-475C-8E6F-80EC3B11219D}"
EndProject
Project("{FAE04EC0-301F-11D3-BF4B-00C04F79EFBC}") = "Bod", "Bod\Bod.csproj", "{0BAD5D93-EAC2-440B-A520-EB94EFD4BEC2}"
EndProject
Global
	GlobalSection(SolutionConfigurationPlatforms) = preSolution
		Debug|Any CPU = Debug|Any CPU
		Release|Any CPU = Release|Any CPU
	EndGlobalSection
	GlobalSection(ProjectConfigurationPlatforms) = postSolution
		{E5A1FCA1-A79C-449C-869B-6EDA7D0533F3}.Debug|Any CPU.ActiveCfg = Debug|Any CPU
		{E5A1FCA1-A79C-449C-869B-6EDA7D0533F3}.Debug|Any CPU.Build.0 = Debug|Any CPU
		{E5A1FCA1-A79C-449C-869B-6EDA7D0533F3}.Release|Any CPU.ActiveCfg = Release|Any CPU
		{E5A1FCA1-A79C-449C-869B-6EDA7D0533F3}.Release|Any CPU.Build.0 = Release|Any CPU
		{15C9B9A1-E434-480C-BFBC-46D568A4646A}.Debug|Any CPU.ActiveCfg = Debug|Any CPU
		{15C9B9A1-E434-480C-BFBC-46D568A4646A}.Debug|Any CPU.Build.0 = Debug|Any CPU
		{15C9B9A1-E434-480C-BFBC-46D568A4646A}.Release|Any CPU.ActiveCfg = Release|Any CPU
		{15C9B9A1-E434-480C-BFBC-46D568A4646A}.Release|Any CPU.Build.0 = Release|Any CPU
		{E6FDDFE5-6DD7-4DC8-AD1D-FE937693987C}.Debug|Any CPU.ActiveCfg = Debug|Any CPU
		{E6FDDFE5-6DD7-4DC8-AD1D-FE937693987C}.Debug|Any CPU.Build.0 = Debug|Any CPU
		{E6FDDFE5-6DD7-4DC8-AD1D-FE937693987C}.Release|Any CPU.ActiveCfg = Release|Any CPU
		{E6FDDFE5-6DD7-4DC8-AD1D-FE937693987C}.Release|Any CPU.Build.0 = Release|Any CPU
		{8C29F8F2-8297-475C-8E6F-80EC3B11219D}.Debug|Any CPU.ActiveCfg = Debug|Any CPU
		{8C29F8F2-8297-475C-8E6F-80EC3B11219D}.Debug|Any CPU.Build.0 = Debug|Any CPU
		{8C29F8F2-8297-475C-8E6F-80EC3B11219D}.Release|Any CPU.ActiveCfg = Release|Any CPU
		{8C29F8F2-8297-475C-8E6F-80EC3B11219D}.Release|Any CPU.Build.0 = Release|Any CPU
		{0BAD5D93-EAC2-440B-A520-EB94EFD4BEC2}.Debug|Any CPU.ActiveCfg = Debug|Any CPU
		{0BAD5D93-EAC2-440B-A520-EB94EFD4BEC2}.Debug|Any CPU.Build.0 = Debug|Any CPU
		{0BAD5D93-EAC2-440B-A520-EB94EFD4BEC2}.Release|Any CPU.ActiveCfg = Release|Any CPU
		{0BAD5D93-EAC2-440B-A520-EB94EFD4BEC2}.Release|Any CPU.Build.0 = Release|Any CPU
	EndGlobalSection
	GlobalSection(SolutionProperties) = preSolution
		HideSolutionNode = FALSE
	EndGlobalSection
	GlobalSection(ExtensibilityGlobals) = postSolution
		SolutionGuid = {59ADC7C7-1FAB-4094-A563-45A3D5043227}
	EndGlobalSection
EndGlobal
